
Microsoft Visual Studio Solution File, Format Version 12.00
# Visual Studio Version 17
VisualStudioVersion = 17.14.36518.9 d17.14
MinimumVisualStudioVersion = 10.0.40219.1
Project("{FAE04EC0-301F-11D3-BF4B-00C04F79EFBC}") = "proyecto_final", "proyecto_final\proyecto_final.csproj", "{B6C8CDAD-E352-444A-A9EB-1D575F89ADDC}"
EndProject
Global
	GlobalSection(SolutionConfigurationPlatforms) = preSolution
		Debug|Any CPU = Debug|Any CPU
		Release|Any CPU = Release|Any CPU
	EndGlobalSection
	GlobalSection(ProjectConfigurationPlatforms) = postSolution
		{B6C8CDAD-E352-444A-A9EB-1D575F89ADDC}.Debug|Any CPU.ActiveCfg = Debug|Any CPU
		{B6C8CDAD-E352-444A-A9EB-1D575F89ADDC}.Debug|Any CPU.Build.0 = Debug|Any CPU
		{B6C8CDAD-E352-444A-A9EB-1D575F89ADDC}.Release|Any CPU.ActiveCfg = Release|Any CPU
		{B6C8CDAD-E352-444A-A9EB-1D575F89ADDC}.Release|Any CPU.Build.0 = Release|Any CPU
	EndGlobalSection
	GlobalSection(SolutionProperties) = preSolution
		HideSolutionNode = FALSE
	EndGlobalSection
	GlobalSection(ExtensibilityGlobals) = postSolution
		SolutionGuid = {E00236A0-5EE8-4810-8B04-E324F84C417D}
	EndGlobalSection
EndGlobal
